// !$*UTF8*$!
{
	archiveVersion = 1;
	classes = {
	};
	objectVersion = 51;
	objects = {

/* Begin PBXBuildFile section */
		2346B16309E67AFF9C3DCFA2 /* Pods_hackathon.framework in Frameworks */ = {isa = PBXBuildFile; fileRef = 15EFB7127265D5BE453FE5A0 /* Pods_hackathon.framework */; };
		634D5FE72629C64F00D95D54 /* TipsTableViewController.swift in Sources */ = {isa = PBXBuildFile; fileRef = 634D5FE62629C64F00D95D54 /* TipsTableViewController.swift */; };
		634D5FEA2629C8B700D95D54 /* TipsTableViewCell.swift in Sources */ = {isa = PBXBuildFile; fileRef = 634D5FE92629C8B700D95D54 /* TipsTableViewCell.swift */; };
		634D5FF22629D02500D95D54 /* tips_cell_Info.swift in Sources */ = {isa = PBXBuildFile; fileRef = 634D5FF12629D02500D95D54 /* tips_cell_Info.swift */; };
		634D5FF52629D6DA00D95D54 /* GoogleService-Info.plist in Resources */ = {isa = PBXBuildFile; fileRef = 634D5FF42629D6DA00D95D54 /* GoogleService-Info.plist */; };
		6372117D2629DFFE00FAC18E /* QuestionTableViewController.swift in Sources */ = {isa = PBXBuildFile; fileRef = 6372117C2629DFFE00FAC18E /* QuestionTableViewController.swift */; };
		637211822629E01F00FAC18E /* QuestionTableViewCell.swift in Sources */ = {isa = PBXBuildFile; fileRef = 637211812629E01F00FAC18E /* QuestionTableViewCell.swift */; };
		637211852629E04A00FAC18E /* que_cell_info.swift in Sources */ = {isa = PBXBuildFile; fileRef = 637211842629E04A00FAC18E /* que_cell_info.swift */; };
		637211A8262AABAC00FAC18E /* logo.png in Resources */ = {isa = PBXBuildFile; fileRef = 637211A7262AABAC00FAC18E /* logo.png */; };
		637211B6262AB36600FAC18E /* ques.png in Resources */ = {isa = PBXBuildFile; fileRef = 637211B4262AB36600FAC18E /* ques.png */; };
		637211BA262AB3D200FAC18E /* excla.png in Resources */ = {isa = PBXBuildFile; fileRef = 637211B9262AB3D200FAC18E /* excla.png */; };
		63C30A7C2629BC1400CF565F /* AppDelegate.swift in Sources */ = {isa = PBXBuildFile; fileRef = 63C30A7B2629BC1400CF565F /* AppDelegate.swift */; };
		63C30A7E2629BC1400CF565F /* SceneDelegate.swift in Sources */ = {isa = PBXBuildFile; fileRef = 63C30A7D2629BC1400CF565F /* SceneDelegate.swift */; };
		63C30A802629BC1400CF565F /* ViewController.swift in Sources */ = {isa = PBXBuildFile; fileRef = 63C30A7F2629BC1400CF565F /* ViewController.swift */; };
		63C30A832629BC1400CF565F /* Main.storyboard in Resources */ = {isa = PBXBuildFile; fileRef = 63C30A812629BC1400CF565F /* Main.storyboard */; };
		63C30A852629BC1600CF565F /* Assets.xcassets in Resources */ = {isa = PBXBuildFile; fileRef = 63C30A842629BC1600CF565F /* Assets.xcassets */; };
		63C30A882629BC1600CF565F /* LaunchScreen.storyboard in Resources */ = {isa = PBXBuildFile; fileRef = 63C30A862629BC1600CF565F /* LaunchScreen.storyboard */; };
/* End PBXBuildFile section */

/* Begin PBXFileReference section */
		15EFB7127265D5BE453FE5A0 /* Pods_hackathon.framework */ = {isa = PBXFileReference; explicitFileType = wrapper.framework; includeInIndex = 0; path = Pods_hackathon.framework; sourceTree = BUILT_PRODUCTS_DIR; };
		198F3AD33049ABF01C829320 /* Pods-hackathon.debug.xcconfig */ = {isa = PBXFileReference; includeInIndex = 1; lastKnownFileType = text.xcconfig; name = "Pods-hackathon.debug.xcconfig"; path = "Target Support Files/Pods-hackathon/Pods-hackathon.debug.xcconfig"; sourceTree = "<group>"; };
		634D5FE62629C64F00D95D54 /* TipsTableViewController.swift */ = {isa = PBXFileReference; lastKnownFileType = sourcecode.swift; path = TipsTableViewController.swift; sourceTree = "<group>"; };
		634D5FE92629C8B700D95D54 /* TipsTableViewCell.swift */ = {isa = PBXFileReference; lastKnownFileType = sourcecode.swift; path = TipsTableViewCell.swift; sourceTree = "<group>"; };
		634D5FF12629D02500D95D54 /* tips_cell_Info.swift */ = {isa = PBXFileReference; lastKnownFileType = sourcecode.swift; path = tips_cell_Info.swift; sourceTree = "<group>"; };
		634D5FF42629D6DA00D95D54 /* GoogleService-Info.plist */ = {isa = PBXFileReference; fileEncoding = 4; lastKnownFileType = text.plist.xml; path = "GoogleService-Info.plist"; sourceTree = "<group>"; };
		6372117C2629DFFE00FAC18E /* QuestionTableViewController.swift */ = {isa = PBXFileReference; lastKnownFileType = sourcecode.swift; path = QuestionTableViewController.swift; sourceTree = "<group>"; };
		637211812629E01F00FAC18E /* QuestionTableViewCell.swift */ = {isa = PBXFileReference; lastKnownFileType = sourcecode.swift; path = QuestionTableViewCell.swift; sourceTree = "<group>"; };
		637211842629E04A00FAC18E /* que_cell_info.swift */ = {isa = PBXFileReference; lastKnownFileType = sourcecode.swift; path = que_cell_info.swift; sourceTree = "<group>"; };
		637211A7262AABAC00FAC18E /* logo.png */ = {isa = PBXFileReference; lastKnownFileType = image.png; path = logo.png; sourceTree = "<group>"; };
		637211B4262AB36600FAC18E /* ques.png */ = {isa = PBXFileReference; lastKnownFileType = image.png; path = ques.png; sourceTree = "<group>"; };
		637211B9262AB3D200FAC18E /* excla.png */ = {isa = PBXFileReference; lastKnownFileType = image.png; path = excla.png; sourceTree = "<group>"; };
		63C30A782629BC1400CF565F /* hackathon.app */ = {isa = PBXFileReference; explicitFileType = wrapper.application; includeInIndex = 0; path = hackathon.app; sourceTree = BUILT_PRODUCTS_DIR; };
		63C30A7B2629BC1400CF565F /* AppDelegate.swift */ = {isa = PBXFileReference; lastKnownFileType = sourcecode.swift; path = AppDelegate.swift; sourceTree = "<group>"; };
		63C30A7D2629BC1400CF565F /* SceneDelegate.swift */ = {isa = PBXFileReference; lastKnownFileType = sourcecode.swift; path = SceneDelegate.swift; sourceTree = "<group>"; };
		63C30A7F2629BC1400CF565F /* ViewController.swift */ = {isa = PBXFileReference; lastKnownFileType = sourcecode.swift; path = ViewController.swift; sourceTree = "<group>"; };
		63C30A822629BC1400CF565F /* Base */ = {isa = PBXFileReference; lastKnownFileType = file.storyboard; name = Base; path = Base.lproj/Main.storyboard; sourceTree = "<group>"; };
		63C30A842629BC1600CF565F /* Assets.xcassets */ = {isa = PBXFileReference; lastKnownFileType = folder.assetcatalog; path = Assets.xcassets; sourceTree = "<group>"; };
		63C30A872629BC1600CF565F /* Base */ = {isa = PBXFileReference; lastKnownFileType = file.storyboard; name = Base; path = Base.lproj/LaunchScreen.storyboard; sourceTree = "<group>"; };
		63C30A892629BC1600CF565F /* Info.plist */ = {isa = PBXFileReference; lastKnownFileType = text.plist.xml; path = Info.plist; sourceTree = "<group>"; };
		89BDAC28053924406274C798 /* Pods-hackathon.release.xcconfig */ = {isa = PBXFileReference; includeInIndex = 1; lastKnownFileType = text.xcconfig; name = "Pods-hackathon.release.xcconfig"; path = "Target Support Files/Pods-hackathon/Pods-hackathon.release.xcconfig"; sourceTree = "<group>"; };
/* End PBXFileReference section */

/* Begin PBXFrameworksBuildPhase section */
		63C30A752629BC1400CF565F /* Frameworks */ = {
			isa = PBXFrameworksBuildPhase;
			buildActionMask = 2147483647;
			files = (
				2346B16309E67AFF9C3DCFA2 /* Pods_hackathon.framework in Frameworks */,
			);
			runOnlyForDeploymentPostprocessing = 0;
		};
/* End PBXFrameworksBuildPhase section */

/* Begin PBXGroup section */
		529E1E9B972602073FA63113 /* Pods */ = {
			isa = PBXGroup;
			children = (
				198F3AD33049ABF01C829320 /* Pods-hackathon.debug.xcconfig */,
				89BDAC28053924406274C798 /* Pods-hackathon.release.xcconfig */,
			);
			path = Pods;
			sourceTree = "<group>";
		};
		63C30A6F2629BC1400CF565F = {
			isa = PBXGroup;
			children = (
				63C30A7A2629BC1400CF565F /* hackathon */,
				63C30A792629BC1400CF565F /* Products */,
				529E1E9B972602073FA63113 /* Pods */,
				8DD938B515EC48029FB002A4 /* Frameworks */,
			);
			sourceTree = "<group>";
		};
		63C30A792629BC1400CF565F /* Products */ = {
			isa = PBXGroup;
			children = (
				63C30A782629BC1400CF565F /* hackathon.app */,
			);
			name = Products;
			sourceTree = "<group>";
		};
		63C30A7A2629BC1400CF565F /* hackathon */ = {
			isa = PBXGroup;
			children = (
				63C30A7B2629BC1400CF565F /* AppDelegate.swift */,
				63C30A7D2629BC1400CF565F /* SceneDelegate.swift */,
				63C30A7F2629BC1400CF565F /* ViewController.swift */,
				634D5FE62629C64F00D95D54 /* TipsTableViewController.swift */,
				634D5FE92629C8B700D95D54 /* TipsTableViewCell.swift */,
				634D5FF12629D02500D95D54 /* tips_cell_Info.swift */,
				6372117C2629DFFE00FAC18E /* QuestionTableViewController.swift */,
				637211812629E01F00FAC18E /* QuestionTableViewCell.swift */,
				637211842629E04A00FAC18E /* que_cell_info.swift */,
				63C30A812629BC1400CF565F /* Main.storyboard */,
				637211B9262AB3D200FAC18E /* excla.png */,
				637211B4262AB36600FAC18E /* ques.png */,
				637211A7262AABAC00FAC18E /* logo.png */,
				63C30A842629BC1600CF565F /* Assets.xcassets */,
				63C30A862629BC1600CF565F /* LaunchScreen.storyboard */,
				634D5FF42629D6DA00D95D54 /* GoogleService-Info.plist */,
				63C30A892629BC1600CF565F /* Info.plist */,
			);
			path = hackathon;
			sourceTree = "<group>";
		};
		8DD938B515EC48029FB002A4 /* Frameworks */ = {
			isa = PBXGroup;
			children = (
				15EFB7127265D5BE453FE5A0 /* Pods_hackathon.framework */,
			);
			name = Frameworks;
			sourceTree = "<group>";
		};
/* End PBXGroup section */

/* Begin PBXNativeTarget section */
		63C30A772629BC1400CF565F /* hackathon */ = {
			isa = PBXNativeTarget;
			buildConfigurationList = 63C30A8C2629BC1600CF565F /* Build configuration list for PBXNativeTarget "hackathon" */;
			buildPhases = (
				8BFE5D4EE25970EE66ED94B6 /* [CP] Check Pods Manifest.lock */,
				63C30A742629BC1400CF565F /* Sources */,
				63C30A752629BC1400CF565F /* Frameworks */,
				63C30A762629BC1400CF565F /* Resources */,
				32A55B8AA7CB1F11AAD59645 /* [CP] Embed Pods Frameworks */,
				2B2709221C236C65D62BF142 /* [CP] Copy Pods Resources */,
			);
			buildRules = (
			);
			dependencies = (
			);
			name = hackathon;
			productName = hackathon;
			productReference = 63C30A782629BC1400CF565F /* hackathon.app */;
			productType = "com.apple.product-type.application";
		};
/* End PBXNativeTarget section */

/* Begin PBXProject section */
		63C30A702629BC1400CF565F /* Project object */ = {
			isa = PBXProject;
			attributes = {
				LastSwiftUpdateCheck = 1240;
				LastUpgradeCheck = 1240;
				TargetAttributes = {
					63C30A772629BC1400CF565F = {
						CreatedOnToolsVersion = 12.4;
					};
				};
			};
			buildConfigurationList = 63C30A732629BC1400CF565F /* Build configuration list for PBXProject "hackathon" */;
			compatibilityVersion = "Xcode 9.3";
			developmentRegion = en;
			hasScannedForEncodings = 0;
			knownRegions = (
				en,
				Base,
			);
			mainGroup = 63C30A6F2629BC1400CF565F;
			productRefGroup = 63C30A792629BC1400CF565F /* Products */;
			projectDirPath = "";
			projectRoot = "";
			targets = (
				63C30A772629BC1400CF565F /* hackathon */,
			);
		};
/* End PBXProject section */

/* Begin PBXResourcesBuildPhase section */
		63C30A762629BC1400CF565F /* Resources */ = {
			isa = PBXResourcesBuildPhase;
			buildActionMask = 2147483647;
			files = (
				63C30A882629BC1600CF565F /* LaunchScreen.storyboard in Resources */,
				634D5FF52629D6DA00D95D54 /* GoogleService-Info.plist in Resources */,
				63C30A852629BC1600CF565F /* Assets.xcassets in Resources */,
				637211BA262AB3D200FAC18E /* excla.png in Resources */,
				637211B6262AB36600FAC18E /* ques.png in Resources */,
				637211A8262AABAC00FAC18E /* logo.png in Resources */,
				63C30A832629BC1400CF565F /* Main.storyboard in Resources */,
			);
			runOnlyForDeploymentPostprocessing = 0;
		};
/* End PBXResourcesBuildPhase section */

/* Begin PBXShellScriptBuildPhase section */
		2B2709221C236C65D62BF142 /* [CP] Copy Pods Resources */ = {
			isa = PBXShellScriptBuildPhase;
			buildActionMask = 2147483647;
			files = (
			);
			inputFileListPaths = (
				"${PODS_ROOT}/Target Support Files/Pods-hackathon/Pods-hackathon-resources-${CONFIGURATION}-input-files.xcfilelist",
			);
			name = "[CP] Copy Pods Resources";
			outputFileListPaths = (
				"${PODS_ROOT}/Target Support Files/Pods-hackathon/Pods-hackathon-resources-${CONFIGURATION}-output-files.xcfilelist",
			);
			runOnlyForDeploymentPostprocessing = 0;
			shellPath = /bin/sh;
			shellScript = "\"${PODS_ROOT}/Target Support Files/Pods-hackathon/Pods-hackathon-resources.sh\"\n";
			showEnvVarsInLog = 0;
		};
		32A55B8AA7CB1F11AAD59645 /* [CP] Embed Pods Frameworks */ = {
			isa = PBXShellScriptBuildPhase;
			buildActionMask = 2147483647;
			files = (
			);
			inputFileListPaths = (
				"${PODS_ROOT}/Target Support Files/Pods-hackathon/Pods-hackathon-frameworks-${CONFIGURATION}-input-files.xcfilelist",
			);
			name = "[CP] Embed Pods Frameworks";
			outputFileListPaths = (
				"${PODS_ROOT}/Target Support Files/Pods-hackathon/Pods-hackathon-frameworks-${CONFIGURATION}-output-files.xcfilelist",
			);
			runOnlyForDeploymentPostprocessing = 0;
			shellPath = /bin/sh;
			shellScript = "\"${PODS_ROOT}/Target Support Files/Pods-hackathon/Pods-hackathon-frameworks.sh\"\n";
			showEnvVarsInLog = 0;
		};
		8BFE5D4EE25970EE66ED94B6 /* [CP] Check Pods Manifest.lock */ = {
			isa = PBXShellScriptBuildPhase;
			buildActionMask = 2147483647;
			files = (
			);
			inputFileListPaths = (
			);
			inputPaths = (
				"${PODS_PODFILE_DIR_PATH}/Podfile.lock",
				"${PODS_ROOT}/Manifest.lock",
			);
			name = "[CP] Check Pods Manifest.lock";
			outputFileListPaths = (
			);
			outputPaths = (
				"$(DERIVED_FILE_DIR)/Pods-hackathon-checkManifestLockResult.txt",
			);
			runOnlyForDeploymentPostprocessing = 0;
			shellPath = /bin/sh;
			shellScript = "diff \"${PODS_PODFILE_DIR_PATH}/Podfile.lock\" \"${PODS_ROOT}/Manifest.lock\" > /dev/null\nif [ $? != 0 ] ; then\n    # print error to STDERR\n    echo \"error: The sandbox is not in sync with the Podfile.lock. Run 'pod install' or update your CocoaPods installation.\" >&2\n    exit 1\nfi\n# This output is used by Xcode 'outputs' to avoid re-running this script phase.\necho \"SUCCESS\" > \"${SCRIPT_OUTPUT_FILE_0}\"\n";
			showEnvVarsInLog = 0;
		};
/* End PBXShellScriptBuildPhase section */

/* Begin PBXSourcesBuildPhase section */
		63C30A742629BC1400CF565F /* Sources */ = {
			isa = PBXSourcesBuildPhase;
			buildActionMask = 2147483647;
			files = (
				634D5FF22629D02500D95D54 /* tips_cell_Info.swift in Sources */,
				637211822629E01F00FAC18E /* QuestionTableViewCell.swift in Sources */,
				6372117D2629DFFE00FAC18E /* QuestionTableViewController.swift in Sources */,
				634D5FE72629C64F00D95D54 /* TipsTableViewController.swift in Sources */,
				637211852629E04A00FAC18E /* que_cell_info.swift in Sources */,
				63C30A802629BC1400CF565F /* ViewController.swift in Sources */,
				63C30A7C2629BC1400CF565F /* AppDelegate.swift in Sources */,
				63C30A7E2629BC1400CF565F /* SceneDelegate.swift in Sources */,
				634D5FEA2629C8B700D95D54 /* TipsTableViewCell.swift in Sources */,
			);
			runOnlyForDeploymentPostprocessing = 0;
		};
/* End PBXSourcesBuildPhase section */

/* Begin PBXVariantGroup section */
		63C30A812629BC1400CF565F /* Main.storyboard */ = {
			isa = PBXVariantGroup;
			children = (
				63C30A822629BC1400CF565F /* Base */,
			);
			name = Main.storyboard;
			sourceTree = "<group>";
		};
		63C30A862629BC1600CF565F /* LaunchScreen.storyboard */ = {
			isa = PBXVariantGroup;
			children = (
				63C30A872629BC1600CF565F /* Base */,
			);
			name = LaunchScreen.storyboard;
			sourceTree = "<group>";
		};
/* End PBXVariantGroup section */

/* Begin XCBuildConfiguration section */
		63C30A8A2629BC1600CF565F /* Debug */ = {
			isa = XCBuildConfiguration;
			buildSettings = {
				ALWAYS_SEARCH_USER_PATHS = NO;
				CLANG_ANALYZER_NONNULL = YES;
				CLANG_ANALYZER_NUMBER_OBJECT_CONVERSION = YES_AGGRESSIVE;
				CLANG_CXX_LANGUAGE_STANDARD = "gnu++14";
				CLANG_CXX_LIBRARY = "libc++";
				CLANG_ENABLE_MODULES = YES;
				CLANG_ENABLE_OBJC_ARC = YES;
				CLANG_ENABLE_OBJC_WEAK = YES;
				CLANG_WARN_BLOCK_CAPTURE_AUTORELEASING = YES;
				CLANG_WARN_BOOL_CONVERSION = YES;
				CLANG_WARN_COMMA = YES;
				CLANG_WARN_CONSTANT_CONVERSION = YES;
				CLANG_WARN_DEPRECATED_OBJC_IMPLEMENTATIONS = YES;
				CLANG_WARN_DIRECT_OBJC_ISA_USAGE = YES_ERROR;
				CLANG_WARN_DOCUMENTATION_COMMENTS = YES;
				CLANG_WARN_EMPTY_BODY = YES;
				CLANG_WARN_ENUM_CONVERSION = YES;
				CLANG_WARN_INFINITE_RECURSION = YES;
				CLANG_WARN_INT_CONVERSION = YES;
				CLANG_WARN_NON_LITERAL_NULL_CONVERSION = YES;
				CLANG_WARN_OBJC_IMPLICIT_RETAIN_SELF = YES;
				CLANG_WARN_OBJC_LITERAL_CONVERSION = YES;
				CLANG_WARN_OBJC_ROOT_CLASS = YES_ERROR;
				CLANG_WARN_QUOTED_INCLUDE_IN_FRAMEWORK_HEADER = YES;
				CLANG_WARN_RANGE_LOOP_ANALYSIS = YES;
				CLANG_WARN_STRICT_PROTOTYPES = YES;
				CLANG_WARN_SUSPICIOUS_MOVE = YES;
				CLANG_WARN_UNGUARDED_AVAILABILITY = YES_AGGRESSIVE;
				CLANG_WARN_UNREACHABLE_CODE = YES;
				CLANG_WARN__DUPLICATE_METHOD_MATCH = YES;
				COPY_PHASE_STRIP = NO;
				DEBUG_INFORMATION_FORMAT = dwarf;
				ENABLE_STRICT_OBJC_MSGSEND = YES;
				ENABLE_TESTABILITY = YES;
				GCC_C_LANGUAGE_STANDARD = gnu11;
				GCC_DYNAMIC_NO_PIC = NO;
				GCC_NO_COMMON_BLOCKS = YES;
				GCC_OPTIMIZATION_LEVEL = 0;
				GCC_PREPROCESSOR_DEFINITIONS = (
					"DEBUG=1",
					"$(inherited)",
				);
				GCC_WARN_64_TO_32_BIT_CONVERSION = YES;
				GCC_WARN_ABOUT_RETURN_TYPE = YES_ERROR;
				GCC_WARN_UNDECLARED_SELECTOR = YES;
				GCC_WARN_UNINITIALIZED_AUTOS = YES_AGGRESSIVE;
				GCC_WARN_UNUSED_FUNCTION = YES;
				GCC_WARN_UNUSED_VARIABLE = YES;
				IPHONEOS_DEPLOYMENT_TARGET = 14.4;
				MTL_ENABLE_DEBUG_INFO = INCLUDE_SOURCE;
				MTL_FAST_MATH = YES;
				ONLY_ACTIVE_ARCH = YES;
				SDKROOT = iphoneos;
				SWIFT_ACTIVE_COMPILATION_CONDITIONS = DEBUG;
				SWIFT_OPTIMIZATION_LEVEL = "-Onone";
			};
			name = Debug;
		};
		63C30A8B2629BC1600CF565F /* Release */ = {
			isa = XCBuildConfiguration;
			buildSettings = {
				ALWAYS_SEARCH_USER_PATHS = NO;
				CLANG_ANALYZER_NONNULL = YES;
				CLANG_ANALYZER_NUMBER_OBJECT_CONVERSION = YES_AGGRESSIVE;
				CLANG_CXX_LANGUAGE_STANDARD = "gnu++14";
				CLANG_CXX_LIBRARY = "libc++";
				CLANG_ENABLE_MODULES = YES;
				CLANG_ENABLE_OBJC_ARC = YES;
				CLANG_ENABLE_OBJC_WEAK = YES;
				CLANG_WARN_BLOCK_CAPTURE_AUTORELEASING = YES;
				CLANG_WARN_BOOL_CONVERSION = YES;
				CLANG_WARN_COMMA = YES;
				CLANG_WARN_CONSTANT_CONVERSION = YES;
				CLANG_WARN_DEPRECATED_OBJC_IMPLEMENTATIONS = YES;
				CLANG_WARN_DIRECT_OBJC_ISA_USAGE = YES_ERROR;
				CLANG_WARN_DOCUMENTATION_COMMENTS = YES;
				CLANG_WARN_EMPTY_BODY = YES;
				CLANG_WARN_ENUM_CONVERSION = YES;
				CLANG_WARN_INFINITE_RECURSION = YES;
				CLANG_WARN_INT_CONVERSION = YES;
				CLANG_WARN_NON_LITERAL_NULL_CONVERSION = YES;
				CLANG_WARN_OBJC_IMPLICIT_RETAIN_SELF = YES;
				CLANG_WARN_OBJC_LITERAL_CONVERSION = YES;
				CLANG_WARN_OBJC_ROOT_CLASS = YES_ERROR;
				CLANG_WARN_QUOTED_INCLUDE_IN_FRAMEWORK_HEADER = YES;
				CLANG_WARN_RANGE_LOOP_ANALYSIS = YES;
				CLANG_WARN_STRICT_PROTOTYPES = YES;
				CLANG_WARN_SUSPICIOUS_MOVE = YES;
				CLANG_WARN_UNGUARDED_AVAILABILITY = YES_AGGRESSIVE;
				CLANG_WARN_UNREACHABLE_CODE = YES;
				CLANG_WARN__DUPLICATE_METHOD_MATCH = YES;
				COPY_PHASE_STRIP = NO;
				DEBUG_INFORMATION_FORMAT = "dwarf-with-dsym";
				ENABLE_NS_ASSERTIONS = NO;
				ENABLE_STRICT_OBJC_MSGSEND = YES;
				GCC_C_LANGUAGE_STANDARD = gnu11;
				GCC_NO_COMMON_BLOCKS = YES;
				GCC_WARN_64_TO_32_BIT_CONVERSION = YES;
				GCC_WARN_ABOUT_RETURN_TYPE = YES_ERROR;
				GCC_WARN_UNDECLARED_SELECTOR = YES;
				GCC_WARN_UNINITIALIZED_AUTOS = YES_AGGRESSIVE;
				GCC_WARN_UNUSED_FUNCTION = YES;
				GCC_WARN_UNUSED_VARIABLE = YES;
				IPHONEOS_DEPLOYMENT_TARGET = 14.4;
				MTL_ENABLE_DEBUG_INFO = NO;
				MTL_FAST_MATH = YES;
				SDKROOT = iphoneos;
				SWIFT_COMPILATION_MODE = wholemodule;
				SWIFT_OPTIMIZATION_LEVEL = "-O";
				VALIDATE_PRODUCT = YES;
			};
			name = Release;
		};
		63C30A8D2629BC1600CF565F /* Debug */ = {
			isa = XCBuildConfiguration;
			baseConfigurationReference = 198F3AD33049ABF01C829320 /* Pods-hackathon.debug.xcconfig */;
			buildSettings = {
				ASSETCATALOG_COMPILER_APPICON_NAME = AppIcon;
				ASSETCATALOG_COMPILER_GLOBAL_ACCENT_COLOR_NAME = AccentColor;
				CODE_SIGN_STYLE = Automatic;
				INFOPLIST_FILE = hackathon/Info.plist;
				LD_RUNPATH_SEARCH_PATHS = (
					"$(inherited)",
					"@executable_path/Frameworks",
				);
				PRODUCT_BUNDLE_IDENTIFIER = com.maya.hackathon;
				PRODUCT_NAME = "$(TARGET_NAME)";
				SWIFT_VERSION = 5.0;
				TARGETED_DEVICE_FAMILY = "1,2";
			};
			name = Debug;
		};
		63C30A8E2629BC1600CF565F /* Release */ = {
			isa = XCBuildConfiguration;
			baseConfigurationReference = 89BDAC28053924406274C798 /* Pods-hackathon.release.xcconfig */;
			buildSettings = {
				ASSETCATALOG_COMPILER_APPICON_NAME = AppIcon;
				ASSETCATALOG_COMPILER_GLOBAL_ACCENT_COLOR_NAME = AccentColor;
				CODE_SIGN_STYLE = Automatic;
				INFOPLIST_FILE = hackathon/Info.plist;
				LD_RUNPATH_SEARCH_PATHS = (
					"$(inherited)",
					"@executable_path/Frameworks",
				);
				PRODUCT_BUNDLE_IDENTIFIER = com.maya.hackathon;
				PRODUCT_NAME = "$(TARGET_NAME)";
				SWIFT_VERSION = 5.0;
				TARGETED_DEVICE_FAMILY = "1,2";
			};
			name = Release;
		};
/* End XCBuildConfiguration section */

/* Begin XCConfigurationList section */
		63C30A732629BC1400CF565F /* Build configuration list for PBXProject "hackathon" */ = {
			isa = XCConfigurationList;
			buildConfigurations = (
				63C30A8A2629BC1600CF565F /* Debug */,
				63C30A8B2629BC1600CF565F /* Release */,
			);
			defaultConfigurationIsVisible = 0;
			defaultConfigurationName = Release;
		};
		63C30A8C2629BC1600CF565F /* Build configuration list for PBXNativeTarget "hackathon" */ = {
			isa = XCConfigurationList;
			buildConfigurations = (
				63C30A8D2629BC1600CF565F /* Debug */,
				63C30A8E2629BC1600CF565F /* Release */,
			);
			defaultConfigurationIsVisible = 0;
			defaultConfigurationName = Release;
		};
/* End XCConfigurationList section */
	};
	rootObject = 63C30A702629BC1400CF565F /* Project object */;
}
